
Microsoft Visual Studio Solution File, Format Version 12.00
# Visual Studio Version 16
VisualStudioVersion = 16.0.30413.136
MinimumVisualStudioVersion = 10.0.40219.1
Project("{888888A0-9F3D-457C-B088-3A5042F75D52}") = "Tunniplaan", "Tunniplaan.pyproj", "{28C0C7AB-D214-47FE-8C48-EBCF10356526}"
EndProject
Global
	GlobalSection(SolutionConfigurationPlatforms) = preSolution
		Debug|Any CPU = Debug|Any CPU
		Release|Any CPU = Release|Any CPU
	EndGlobalSection
	GlobalSection(ProjectConfigurationPlatforms) = postSolution
		{28C0C7AB-D214-47FE-8C48-EBCF10356526}.Debug|Any CPU.ActiveCfg = Debug|Any CPU
		{28C0C7AB-D214-47FE-8C48-EBCF10356526}.Release|Any CPU.ActiveCfg = Release|Any CPU
	EndGlobalSection
	GlobalSection(SolutionProperties) = preSolution
		HideSolutionNode = FALSE
	EndGlobalSection
	GlobalSection(ExtensibilityGlobals) = postSolution
		SolutionGuid = {4E51785E-BFBD-4A4D-8606-327BF3A420DA}
	EndGlobalSection
EndGlobal
